
Microsoft Visual Studio Solution File, Format Version 12.00
# Visual Studio Version 16
VisualStudioVersion = 16.0.30907.101
MinimumVisualStudioVersion = 10.0.40219.1
Project("{FAE04EC0-301F-11D3-BF4B-00C04F79EFBC}") = "FinalProject", "FinalProject\FinalProject.csproj", "{40E29FF2-EF8F-4F14-9A5B-84F81D10A093}"
EndProject
Global
	GlobalSection(SolutionConfigurationPlatforms) = preSolution
		Debug|Any CPU = Debug|Any CPU
		Release|Any CPU = Release|Any CPU
	EndGlobalSection
	GlobalSection(ProjectConfigurationPlatforms) = postSolution
		{40E29FF2-EF8F-4F14-9A5B-84F81D10A093}.Debug|Any CPU.ActiveCfg = Debug|Any CPU
		{40E29FF2-EF8F-4F14-9A5B-84F81D10A093}.Debug|Any CPU.Build.0 = Debug|Any CPU
		{40E29FF2-EF8F-4F14-9A5B-84F81D10A093}.Release|Any CPU.ActiveCfg = Release|Any CPU
		{40E29FF2-EF8F-4F14-9A5B-84F81D10A093}.Release|Any CPU.Build.0 = Release|Any CPU
	EndGlobalSection
	GlobalSection(SolutionProperties) = preSolution
		HideSolutionNode = FALSE
	EndGlobalSection
	GlobalSection(ExtensibilityGlobals) = postSolution
		SolutionGuid = {7AF86243-DD7E-4A0B-A565-4F456A9D6BA7}
	EndGlobalSection
EndGlobal
