
Microsoft Visual Studio Solution File, Format Version 12.00
# Visual Studio Version 16
VisualStudioVersion = 16.0.30907.101
MinimumVisualStudioVersion = 10.0.40219.1
Project("{9A19103F-16F7-4668-BE54-9A1E7A4F7556}") = "Business", "FinalProject\Business.csproj", "{40E29FF2-EF8F-4F14-9A5B-84F81D10A093}"
EndProject
Project("{FAE04EC0-301F-11D3-BF4B-00C04F79EFBC}") = "DataAccess", "DataAccess\DataAccess.csproj", "{ED8807C3-8BE6-4662-9555-614B29D1E14F}"
EndProject
Project("{FAE04EC0-301F-11D3-BF4B-00C04F79EFBC}") = "Entities", "Entities\Entities.csproj", "{17B0DD0D-BDEE-435F-AF1F-3B45E8647702}"
EndProject
Global
	GlobalSection(SolutionConfigurationPlatforms) = preSolution
		Debug|Any CPU = Debug|Any CPU
		Release|Any CPU = Release|Any CPU
	EndGlobalSection
	GlobalSection(ProjectConfigurationPlatforms) = postSolution
		{40E29FF2-EF8F-4F14-9A5B-84F81D10A093}.Debug|Any CPU.ActiveCfg = Debug|Any CPU
		{40E29FF2-EF8F-4F14-9A5B-84F81D10A093}.Debug|Any CPU.Build.0 = Debug|Any CPU
		{40E29FF2-EF8F-4F14-9A5B-84F81D10A093}.Release|Any CPU.ActiveCfg = Release|Any CPU
		{40E29FF2-EF8F-4F14-9A5B-84F81D10A093}.Release|Any CPU.Build.0 = Release|Any CPU
		{ED8807C3-8BE6-4662-9555-614B29D1E14F}.Debug|Any CPU.ActiveCfg = Debug|Any CPU
		{ED8807C3-8BE6-4662-9555-614B29D1E14F}.Debug|Any CPU.Build.0 = Debug|Any CPU
		{ED8807C3-8BE6-4662-9555-614B29D1E14F}.Release|Any CPU.ActiveCfg = Release|Any CPU
		{ED8807C3-8BE6-4662-9555-614B29D1E14F}.Release|Any CPU.Build.0 = Release|Any CPU
		{17B0DD0D-BDEE-435F-AF1F-3B45E8647702}.Debug|Any CPU.ActiveCfg = Debug|Any CPU
		{17B0DD0D-BDEE-435F-AF1F-3B45E8647702}.Debug|Any CPU.Build.0 = Debug|Any CPU
		{17B0DD0D-BDEE-435F-AF1F-3B45E8647702}.Release|Any CPU.ActiveCfg = Release|Any CPU
		{17B0DD0D-BDEE-435F-AF1F-3B45E8647702}.Release|Any CPU.Build.0 = Release|Any CPU
	EndGlobalSection
	GlobalSection(SolutionProperties) = preSolution
		HideSolutionNode = FALSE
	EndGlobalSection
	GlobalSection(ExtensibilityGlobals) = postSolution
		SolutionGuid = {7AF86243-DD7E-4A0B-A565-4F456A9D6BA7}
	EndGlobalSection
EndGlobal
